
Microsoft Visual Studio Solution File, Format Version 11.00
# Visual Studio 2010
Project("{FAE04EC0-301F-11D3-BF4B-00C04F79EFBC}") = "YDIEMMainPageZY", "YDIEMMainPageZY.csproj", "{5C20ACB0-860C-4F1B-B79F-643F8928B9A2}"
EndProject
Project("{FAE04EC0-301F-11D3-BF4B-00C04F79EFBC}") = "YDReportManager", "..\..\YDReportManager\YDReportManager.csproj", "{A73EA2F3-41FB-4570-B742-9D55B4A9F082}"
EndProject
Project("{FAE04EC0-301F-11D3-BF4B-00C04F79EFBC}") = "IEMMainPage_HB", "..\IEMMainPage_HB\IEMMainPage_HB.csproj", "{B7F93567-C9BE-40D4-94BC-B1C5CC616A4C}"
EndProject
Project("{FAE04EC0-301F-11D3-BF4B-00C04F79EFBC}") = "YiDanService", "..\..\..\YiDanService\YiDanService.csproj", "{FF0EDB66-CAA2-4EFB-B63E-15DDD2E3FC71}"
EndProject
Global
	GlobalSection(TeamFoundationVersionControl) = preSolution
		SccNumberOfProjects = 4
		SccEnterpriseProvider = {4CA58AB2-18FA-4F8D-95D4-32DDF27D184C}
		SccTeamFoundationServer = http://192.168.2.202:8080/tfs/defaultcollection
		SccProjectUniqueName0 = YDIEMMainPageZY.csproj
		SccProjectName0 = .
		SccAuxPath0 = http://192.168.2.202:8080/tfs/defaultcollection
		SccLocalPath0 = .
		SccProvider0 = {4CA58AB2-18FA-4F8D-95D4-32DDF27D184C}
		SccProjectUniqueName1 = ..\\..\\YDReportManager\\YDReportManager.csproj
		SccProjectName1 = ../../YDReportManager
		SccAuxPath1 = http://192.168.2.202:8080/tfs/defaultcollection
		SccLocalPath1 = ..\\..\\YDReportManager
		SccProvider1 = {4CA58AB2-18FA-4F8D-95D4-32DDF27D184C}
		SccProjectUniqueName2 = ..\\IEMMainPage_HB\\IEMMainPage_HB.csproj
		SccProjectName2 = ../IEMMainPage_HB
		SccAuxPath2 = http://192.168.2.202:8080/tfs/defaultcollection
		SccLocalPath2 = ..\\IEMMainPage_HB
		SccProvider2 = {4CA58AB2-18FA-4F8D-95D4-32DDF27D184C}
		SccProjectUniqueName3 = ..\\..\\..\\YiDanService\\YiDanService.csproj
		SccProjectName3 = ../../../YiDanService
		SccAuxPath3 = http://192.168.2.202:8080/tfs/defaultcollection
		SccLocalPath3 = ..\\..\\..\\YiDanService
		SccProvider3 = {4CA58AB2-18FA-4F8D-95D4-32DDF27D184C}
	EndGlobalSection
	GlobalSection(SolutionConfigurationPlatforms) = preSolution
		Debug|Any CPU = Debug|Any CPU
		Debug|Mixed Platforms = Debug|Mixed Platforms
		Debug|x86 = Debug|x86
		Release|Any CPU = Release|Any CPU
		Release|Mixed Platforms = Release|Mixed Platforms
		Release|x86 = Release|x86
	EndGlobalSection
	GlobalSection(ProjectConfigurationPlatforms) = postSolution
		{5C20ACB0-860C-4F1B-B79F-643F8928B9A2}.Debug|Any CPU.ActiveCfg = Debug|Any CPU
		{5C20ACB0-860C-4F1B-B79F-643F8928B9A2}.Debug|Any CPU.Build.0 = Debug|Any CPU
		{5C20ACB0-860C-4F1B-B79F-643F8928B9A2}.Debug|Mixed Platforms.ActiveCfg = Debug|Any CPU
		{5C20ACB0-860C-4F1B-B79F-643F8928B9A2}.Debug|Mixed Platforms.Build.0 = Debug|Any CPU
		{5C20ACB0-860C-4F1B-B79F-643F8928B9A2}.Debug|x86.ActiveCfg = Debug|Any CPU
		{5C20ACB0-860C-4F1B-B79F-643F8928B9A2}.Release|Any CPU.ActiveCfg = Release|Any CPU
		{5C20ACB0-860C-4F1B-B79F-643F8928B9A2}.Release|Any CPU.Build.0 = Release|Any CPU
		{5C20ACB0-860C-4F1B-B79F-643F8928B9A2}.Release|Mixed Platforms.ActiveCfg = Release|Any CPU
		{5C20ACB0-860C-4F1B-B79F-643F8928B9A2}.Release|Mixed Platforms.Build.0 = Release|Any CPU
		{5C20ACB0-860C-4F1B-B79F-643F8928B9A2}.Release|x86.ActiveCfg = Release|Any CPU
		{A73EA2F3-41FB-4570-B742-9D55B4A9F082}.Debug|Any CPU.ActiveCfg = Debug|Any CPU
		{A73EA2F3-41FB-4570-B742-9D55B4A9F082}.Debug|Any CPU.Build.0 = Debug|Any CPU
		{A73EA2F3-41FB-4570-B742-9D55B4A9F082}.Debug|Mixed Platforms.ActiveCfg = Debug|Any CPU
		{A73EA2F3-41FB-4570-B742-9D55B4A9F082}.Debug|Mixed Platforms.Build.0 = Debug|Any CPU
		{A73EA2F3-41FB-4570-B742-9D55B4A9F082}.Debug|x86.ActiveCfg = Debug|Any CPU
		{A73EA2F3-41FB-4570-B742-9D55B4A9F082}.Release|Any CPU.ActiveCfg = Release|Any CPU
		{A73EA2F3-41FB-4570-B742-9D55B4A9F082}.Release|Any CPU.Build.0 = Release|Any CPU
		{A73EA2F3-41FB-4570-B742-9D55B4A9F082}.Release|Mixed Platforms.ActiveCfg = Release|Any CPU
		{A73EA2F3-41FB-4570-B742-9D55B4A9F082}.Release|Mixed Platforms.Build.0 = Release|Any CPU
		{A73EA2F3-41FB-4570-B742-9D55B4A9F082}.Release|x86.ActiveCfg = Release|Any CPU
		{B7F93567-C9BE-40D4-94BC-B1C5CC616A4C}.Debug|Any CPU.ActiveCfg = Debug|x86
		{B7F93567-C9BE-40D4-94BC-B1C5CC616A4C}.Debug|Mixed Platforms.ActiveCfg = Debug|x86
		{B7F93567-C9BE-40D4-94BC-B1C5CC616A4C}.Debug|Mixed Platforms.Build.0 = Debug|x86
		{B7F93567-C9BE-40D4-94BC-B1C5CC616A4C}.Debug|x86.ActiveCfg = Debug|x86
		{B7F93567-C9BE-40D4-94BC-B1C5CC616A4C}.Debug|x86.Build.0 = Debug|x86
		{B7F93567-C9BE-40D4-94BC-B1C5CC616A4C}.Release|Any CPU.ActiveCfg = Release|x86
		{B7F93567-C9BE-40D4-94BC-B1C5CC616A4C}.Release|Mixed Platforms.ActiveCfg = Release|x86
		{B7F93567-C9BE-40D4-94BC-B1C5CC616A4C}.Release|Mixed Platforms.Build.0 = Release|x86
		{B7F93567-C9BE-40D4-94BC-B1C5CC616A4C}.Release|x86.ActiveCfg = Release|x86
		{B7F93567-C9BE-40D4-94BC-B1C5CC616A4C}.Release|x86.Build.0 = Release|x86
		{FF0EDB66-CAA2-4EFB-B63E-15DDD2E3FC71}.Debug|Any CPU.ActiveCfg = Debug|Any CPU
		{FF0EDB66-CAA2-4EFB-B63E-15DDD2E3FC71}.Debug|Any CPU.Build.0 = Debug|Any CPU
		{FF0EDB66-CAA2-4EFB-B63E-15DDD2E3FC71}.Debug|Mixed Platforms.ActiveCfg = Debug|Any CPU
		{FF0EDB66-CAA2-4EFB-B63E-15DDD2E3FC71}.Debug|Mixed Platforms.Build.0 = Debug|Any CPU
		{FF0EDB66-CAA2-4EFB-B63E-15DDD2E3FC71}.Debug|x86.ActiveCfg = Debug|Any CPU
		{FF0EDB66-CAA2-4EFB-B63E-15DDD2E3FC71}.Release|Any CPU.ActiveCfg = Release|Any CPU
		{FF0EDB66-CAA2-4EFB-B63E-15DDD2E3FC71}.Release|Any CPU.Build.0 = Release|Any CPU
		{FF0EDB66-CAA2-4EFB-B63E-15DDD2E3FC71}.Release|Mixed Platforms.ActiveCfg = Release|Any CPU
		{FF0EDB66-CAA2-4EFB-B63E-15DDD2E3FC71}.Release|Mixed Platforms.Build.0 = Release|Any CPU
		{FF0EDB66-CAA2-4EFB-B63E-15DDD2E3FC71}.Release|x86.ActiveCfg = Release|Any CPU
	EndGlobalSection
	GlobalSection(SolutionProperties) = preSolution
		HideSolutionNode = FALSE
	EndGlobalSection
EndGlobal
