
Microsoft Visual Studio Solution File, Format Version 11.00
# Visual Studio 2010
Project("{FAE04EC0-301F-11D3-BF4B-00C04F79EFBC}") = "YDReportManager", "YDReportManager.csproj", "{A73EA2F3-41FB-4570-B742-9D55B4A9F082}"
EndProject
Global
	GlobalSection(TeamFoundationVersionControl) = preSolution
		SccNumberOfProjects = 1
		SccEnterpriseProvider = {4CA58AB2-18FA-4F8D-95D4-32DDF27D184C}
		SccTeamFoundationServer = http://192.168.2.202:8080/tfs/defaultcollection
		SccProjectUniqueName0 = YDReportManager.csproj
		SccProjectName0 = .
		SccAuxPath0 = http://192.168.2.202:8080/tfs/defaultcollection
		SccLocalPath0 = .
		SccProvider0 = {4CA58AB2-18FA-4F8D-95D4-32DDF27D184C}
	EndGlobalSection
	GlobalSection(SolutionConfigurationPlatforms) = preSolution
		Debug|Any CPU = Debug|Any CPU
		Release|Any CPU = Release|Any CPU
	EndGlobalSection
	GlobalSection(ProjectConfigurationPlatforms) = postSolution
		{A73EA2F3-41FB-4570-B742-9D55B4A9F082}.Debug|Any CPU.ActiveCfg = Debug|Any CPU
		{A73EA2F3-41FB-4570-B742-9D55B4A9F082}.Debug|Any CPU.Build.0 = Debug|Any CPU
		{A73EA2F3-41FB-4570-B742-9D55B4A9F082}.Release|Any CPU.ActiveCfg = Release|Any CPU
		{A73EA2F3-41FB-4570-B742-9D55B4A9F082}.Release|Any CPU.Build.0 = Release|Any CPU
	EndGlobalSection
	GlobalSection(SolutionProperties) = preSolution
		HideSolutionNode = FALSE
	EndGlobalSection
EndGlobal
